
Microsoft Visual Studio Solution File, Format Version 12.00
# Visual Studio 15
VisualStudioVersion = 15.0.28307.960
MinimumVisualStudioVersion = 10.0.40219.1
Project("{FAE04EC0-301F-11D3-BF4B-00C04F79EFBC}") = "PostgisMemoryLeakDemoCore", "PostgisMemoryLeakDemoCore\PostgisMemoryLeakDemoCore.csproj", "{3FD297CC-E143-4427-9D3C-29BBC2D96E36}"
EndProject
Global
	GlobalSection(SolutionConfigurationPlatforms) = preSolution
		Debug|Any CPU = Debug|Any CPU
		Release|Any CPU = Release|Any CPU
	EndGlobalSection
	GlobalSection(ProjectConfigurationPlatforms) = postSolution
		{3FD297CC-E143-4427-9D3C-29BBC2D96E36}.Debug|Any CPU.ActiveCfg = Debug|Any CPU
		{3FD297CC-E143-4427-9D3C-29BBC2D96E36}.Debug|Any CPU.Build.0 = Debug|Any CPU
		{3FD297CC-E143-4427-9D3C-29BBC2D96E36}.Release|Any CPU.ActiveCfg = Release|Any CPU
		{3FD297CC-E143-4427-9D3C-29BBC2D96E36}.Release|Any CPU.Build.0 = Release|Any CPU
	EndGlobalSection
	GlobalSection(SolutionProperties) = preSolution
		HideSolutionNode = FALSE
	EndGlobalSection
	GlobalSection(ExtensibilityGlobals) = postSolution
		SolutionGuid = {D1489DC0-9BD2-4239-84FA-63A8C41CC87B}
	EndGlobalSection
EndGlobal
